{
    "hash": "d31990dda283962c7af6d231f6566934",
    "packages": [
        {
            "package": "doctrine/common",
            "version": "2.3.x-dev",
            "source-reference": "2ec4bc6db13db6a0976a16b71058083c55cbcdbd",
            "commit-date": "1343847076"
        },
        {
            "package": "raveren/kint",
            "version": "dev-master",
            "source-reference": "d9303e702a1f7b771cfc235fb6db06dbdcb5f7c6",
            "commit-date": "1345477720"
        },
        {
            "package": "symfony/symfony",
            "version": "dev-master",
            "source-reference": "2cf3cb5b7a56446c76f90689e4df047031d73205",
            "commit-date": "1345655061"
        },
        {
            "package": "twig/twig",
            "version": "dev-master",
            "alias-pretty-version": "1.9.x-dev",
            "alias-version": "1.9.9999999.9999999-dev"
        },
        {
            "package": "twig/twig",
            "version": "dev-master",
            "source-reference": "11e91f63e94a4fce9e65ddbda44ed00ba22a2171",
            "commit-date": "1345724338"
        }
    ],
    "packages-dev": null,
    "aliases": [

    ],
    "minimum-stability": "dev",
    "stability-flags": {
        "raveren/kint": 20
    }
}
