{
    "hash": "d31990dda283962c7af6d231f6566934",
    "packages": [
        {
            "package": "doctrine/common",
            "version": "2.3.x-dev",
            "source-reference": "bcc89eb63e7dad22102c4e0516fe40159461f40a",
            "commit-date": "1347603718"
        },
        {
            "package": "raveren/kint",
            "version": "dev-master",
            "source-reference": "38773faa558b71d09df937eb048ffd54f70a1ad8",
            "commit-date": "1347612073"
        },
        {
            "package": "symfony/symfony",
            "version": "dev-master",
            "alias-pretty-version": "2.2.x-dev",
            "alias-version": "2.2.9999999.9999999-dev"
        },
        {
            "package": "symfony/symfony",
            "version": "dev-master",
            "source-reference": "61d57f7eba74c499b5f1cc52a83846f714e36f2f",
            "commit-date": "1347516780"
        },
        {
            "package": "twig/twig",
            "version": "dev-master",
            "alias-pretty-version": "1.9.x-dev",
            "alias-version": "1.9.9999999.9999999-dev"
        },
        {
            "package": "twig/twig",
            "version": "dev-master",
            "source-reference": "956a66e6da304ead2aa2632acc01118b360d19d3",
            "commit-date": "1347542132"
        }
    ],
    "packages-dev": null,
    "aliases": [

    ],
    "minimum-stability": "dev",
    "stability-flags": {
        "raveren/kint": 20
    }
}
